github.com/go-logfmt/logfmt v0.5.0 h1:TrB8swr/68K7m9CcGut2g3UOihhbcbiMAYiuTXdEih4=
github.com/go-logfmt/logfmt v0.5.0/go.mod h1:wCYkCAKZfumFQihp8CzCvQ3paCTfi41vtzG1KdI/P7A=
github.com/godror/godror v0.25.3 h1:ltL94Ct9otjMfUNTRMqyZh0GpepPd9f9pyFgtUciT9k=
github.com/godror/godror v0.25.3/go.mod h1:JgtdZ1iSaNoioa/B53BVVWji9J9iGPDDj2763T5d1So=
github.com/google/go-cmp v0.4.0/go.mod h1:v8dTdLbMG2kIc/vJvl+f65V22dbkXbowE6jgT/gNBxE=
github.com/gorilla/mux v1.8.0 h1:i40aqfkR1h2SlN9hojwV5ZA91wcXFOvkdNIeFDP5koI=
github.com/gorilla/mux v1.8.0/go.mod h1:DVbg23sWSpFRCP0SfiEN6jmj59UnW/n46BH5rLB71So=
github.com/sijms/go-ora/v2 v2.2.6 h1:gWpe/4oR97I3V45QN9BUAfcS+ZayBN+fN7WLhxzKJ5o=
github.com/sijms/go-ora/v2 v2.2.6/go.mod h1:jzfAFD+4CXHE+LjGWFl6cPrtiIpQVxakI2gvrMF2w6Y=
golang.org/x/sync v0.0.0-20190911185100-cd5d95a43a6e/go.mod h1:RxMgew5VJxzue5/jJTE5uejpjVlOe/izrB70Jof72aM=
golang.org/x/xerrors v0.0.0-20191204190536-9bdfabe68543/go.mod h1:I/5z698sn9Ka8TeJc9MKroUUfqBBauWjQqLJ2OPfmY0=
